
Microsoft Visual Studio Solution File, Format Version 12.00
# Visual Studio Version 17
VisualStudioVersion = 17.7.34031.279
MinimumVisualStudioVersion = 10.0.40219.1
Project("{FAE04EC0-301F-11D3-BF4B-00C04F79EFBC}") = "Ejercicio-2-Calculo", "Ejercicio-2-Calculo.csproj", "{8F0300C7-6917-4855-B87A-CA59954198BC}"
EndProject
Global
	GlobalSection(SolutionConfigurationPlatforms) = preSolution
		Debug|Any CPU = Debug|Any CPU
		Release|Any CPU = Release|Any CPU
	EndGlobalSection
	GlobalSection(ProjectConfigurationPlatforms) = postSolution
		{8F0300C7-6917-4855-B87A-CA59954198BC}.Debug|Any CPU.ActiveCfg = Debug|Any CPU
		{8F0300C7-6917-4855-B87A-CA59954198BC}.Debug|Any CPU.Build.0 = Debug|Any CPU
		{8F0300C7-6917-4855-B87A-CA59954198BC}.Release|Any CPU.ActiveCfg = Release|Any CPU
		{8F0300C7-6917-4855-B87A-CA59954198BC}.Release|Any CPU.Build.0 = Release|Any CPU
	EndGlobalSection
	GlobalSection(SolutionProperties) = preSolution
		HideSolutionNode = FALSE
	EndGlobalSection
	GlobalSection(ExtensibilityGlobals) = postSolution
		SolutionGuid = {20E9AFB8-6013-41DA-BCA3-C65C04521F58}
	EndGlobalSection
EndGlobal
