
Microsoft Visual Studio Solution File, Format Version 12.00
# Visual Studio Version 17
VisualStudioVersion = 17.8.34316.72
MinimumVisualStudioVersion = 10.0.40219.1
Project("{FAE04EC0-301F-11D3-BF4B-00C04F79EFBC}") = "Código de Error", "Código de Error.csproj", "{60B361C4-A6D6-484B-963C-9F930967207D}"
EndProject
Global
	GlobalSection(SolutionConfigurationPlatforms) = preSolution
		Debug|Any CPU = Debug|Any CPU
		Release|Any CPU = Release|Any CPU
	EndGlobalSection
	GlobalSection(ProjectConfigurationPlatforms) = postSolution
		{60B361C4-A6D6-484B-963C-9F930967207D}.Debug|Any CPU.ActiveCfg = Debug|Any CPU
		{60B361C4-A6D6-484B-963C-9F930967207D}.Debug|Any CPU.Build.0 = Debug|Any CPU
		{60B361C4-A6D6-484B-963C-9F930967207D}.Release|Any CPU.ActiveCfg = Release|Any CPU
		{60B361C4-A6D6-484B-963C-9F930967207D}.Release|Any CPU.Build.0 = Release|Any CPU
	EndGlobalSection
	GlobalSection(SolutionProperties) = preSolution
		HideSolutionNode = FALSE
	EndGlobalSection
	GlobalSection(ExtensibilityGlobals) = postSolution
		SolutionGuid = {A1BAF3A1-0740-4E39-A770-A9ABBA1EBDED}
	EndGlobalSection
EndGlobal
